
Microsoft Visual Studio Solution File, Format Version 12.00
Project("{FAE04EC0-301F-11D3-BF4B-00C04F79EFBC}") = "TD", "TD.csproj", "{5B07A54C-80D5-49F3-B52C-9893C0711D74}"
EndProject
Project("{FAE04EC0-301F-11D3-BF4B-00C04F79EFBC}") = "MorpionUnitTest", "MorpionUnitTest\MorpionUnitTest.csproj", "{515F3D46-8A52-4046-882A-0C72FA81600F}"
EndProject
Global
	GlobalSection(SolutionConfigurationPlatforms) = preSolution
		Debug|Any CPU = Debug|Any CPU
		Release|Any CPU = Release|Any CPU
	EndGlobalSection
	GlobalSection(ProjectConfigurationPlatforms) = postSolution
		{5B07A54C-80D5-49F3-B52C-9893C0711D74}.Debug|Any CPU.ActiveCfg = Debug|Any CPU
		{5B07A54C-80D5-49F3-B52C-9893C0711D74}.Debug|Any CPU.Build.0 = Debug|Any CPU
		{5B07A54C-80D5-49F3-B52C-9893C0711D74}.Release|Any CPU.ActiveCfg = Release|Any CPU
		{5B07A54C-80D5-49F3-B52C-9893C0711D74}.Release|Any CPU.Build.0 = Release|Any CPU
		{515F3D46-8A52-4046-882A-0C72FA81600F}.Debug|Any CPU.ActiveCfg = Debug|Any CPU
		{515F3D46-8A52-4046-882A-0C72FA81600F}.Debug|Any CPU.Build.0 = Debug|Any CPU
		{515F3D46-8A52-4046-882A-0C72FA81600F}.Release|Any CPU.ActiveCfg = Release|Any CPU
		{515F3D46-8A52-4046-882A-0C72FA81600F}.Release|Any CPU.Build.0 = Release|Any CPU
	EndGlobalSection
EndGlobal
